<?xml version="1.0" encoding="UTF-8"?>
<CONFIG>
  <ProjectOptions>
    <Version Value="9"/>
    <PathDelim Value="\"/>
    <General>
      <Flags>
        <SaveClosedFiles Value="False"/>
        <SaveOnlyProjectUnits Value="True"/>
      </Flags>
      <MainUnit Value="0"/>
      <UseXPManifest Value="True"/>
      <Icon Value="0"/>
      <ActiveWindowIndexAtStart Value="0"/>
    </General>
    <VersionInfo>
      <StringTable ProductVersion=""/>
    </VersionInfo>
    <BuildModes Count="1">
      <Item1 Name="default" Default="True"/>
    </BuildModes>
    <PublishOptions>
      <Version Value="2"/>
      <IgnoreBinaries Value="False"/>
      <IncludeFileFilter Value="*.(pas|pp|inc|lfm|lpr|lrs|lpi|lpk|sh|xml)"/>
      <ExcludeFileFilter Value="*.(bak|ppu|ppw|o|so);*~;backup"/>
    </PublishOptions>
    <RunParams>
      <local>
        <FormatVersion Value="1"/>
        <LaunchingApplication PathPlusParams="/usr/X11R6/bin/xterm -T 'Lazarus Run Output' -e $(LazarusDir)/tools/runwait.sh $(TargetCmdLine)"/>
      </local>
    </RunParams>
    <RequiredPackages Count="3">
      <Item1>
        <PackageName Value="SQLDBLaz"/>
        <MinVersion Major="1" Release="1" Valid="True"/>
      </Item1>
      <Item2>
        <PackageName Value="FCL"/>
        <MinVersion Major="1" Valid="True"/>
      </Item2>
      <Item3>
        <PackageName Value="LCL"/>
      </Item3>
    </RequiredPackages>
    <Units Count="14">
      <Unit0>
        <Filename Value="shelpl.lpr"/>
        <IsPartOfProject Value="True"/>
        <UnitName Value="shelpl"/>
        <EditorIndex Value="10"/>
        <WindowIndex Value="0"/>
        <TopLine Value="1"/>
        <CursorPos X="1" Y="16"/>
        <UsageCount Value="200"/>
        <Loaded Value="True"/>
        <LoadedDesigner Value="True"/>
      </Unit0>
      <Unit1>
        <Filename Value="shelp.pas"/>
        <IsPartOfProject Value="True"/>
        <ComponentName Value="FrmSplash"/>
        <HasResources Value="True"/>
        <ResourceBaseClass Value="Form"/>
        <UnitName Value="shelp"/>
        <EditorIndex Value="0"/>
        <WindowIndex Value="0"/>
        <TopLine Value="4"/>
        <CursorPos X="68" Y="30"/>
        <UsageCount Value="200"/>
        <Loaded Value="True"/>
        <LoadedDesigner Value="True"/>
      </Unit1>
      <Unit2>
        <Filename Value="unlogin.pas"/>
        <IsPartOfProject Value="True"/>
        <ComponentName Value="FrmLogin"/>
        <HasResources Value="True"/>
        <ResourceBaseClass Value="Form"/>
        <UnitName Value="Unlogin"/>
        <EditorIndex Value="1"/>
        <WindowIndex Value="0"/>
        <TopLine Value="34"/>
        <CursorPos X="63" Y="56"/>
        <UsageCount Value="200"/>
        <Loaded Value="True"/>
        <LoadedDesigner Value="True"/>
      </Unit2>
      <Unit3>
        <Filename Value="unmenu.pas"/>
        <IsPartOfProject Value="True"/>
        <ComponentName Value="FrmMenuosn"/>
        <HasResources Value="True"/>
        <ResourceBaseClass Value="Form"/>
        <UnitName Value="unmenu"/>
        <EditorIndex Value="11"/>
        <WindowIndex Value="0"/>
        <TopLine Value="1145"/>
        <CursorPos X="3" Y="1214"/>
        <UsageCount Value="200"/>
        <Loaded Value="True"/>
        <LoadedDesigner Value="True"/>
      </Unit3>
      <Unit4>
        <Filename Value="frmsvu.pas"/>
        <IsPartOfProject Value="True"/>
        <ComponentName Value="FSVU"/>
        <HasResources Value="True"/>
        <ResourceBaseClass Value="Form"/>
        <UnitName Value="frmsvu"/>
        <EditorIndex Value="2"/>
        <WindowIndex Value="0"/>
        <TopLine Value="1"/>
        <CursorPos X="91" Y="10"/>
        <UsageCount Value="205"/>
        <Loaded Value="True"/>
      </Unit4>
      <Unit5>
        <Filename Value="kuch.pas"/>
        <IsPartOfProject Value="True"/>
        <ComponentName Value="FrmKuch"/>
        <HasResources Value="True"/>
        <ResourceBaseClass Value="Form"/>
        <UnitName Value="kuch"/>
        <IsVisibleTab Value="True"/>
        <EditorIndex Value="4"/>
        <WindowIndex Value="0"/>
        <TopLine Value="1173"/>
        <CursorPos X="5" Y="1134"/>
        <UsageCount Value="201"/>
        <Loaded Value="True"/>
        <LoadedDesigner Value="True"/>
      </Unit5>
      <Unit6>
        <Filename Value="usprav.pas"/>
        <IsPartOfProject Value="True"/>
        <ComponentName Value="fsprav"/>
        <HasResources Value="True"/>
        <ResourceBaseClass Value="Form"/>
        <UnitName Value="Usprav"/>
        <EditorIndex Value="9"/>
        <WindowIndex Value="0"/>
        <TopLine Value="49"/>
        <CursorPos X="53" Y="66"/>
        <UsageCount Value="201"/>
        <Loaded Value="True"/>
        <LoadedDesigner Value="True"/>
      </Unit6>
      <Unit7>
        <Filename Value="sprawm.pas"/>
        <IsPartOfProject Value="True"/>
        <ComponentName Value="FSprawm"/>
        <HasResources Value="True"/>
        <ResourceBaseClass Value="Form"/>
        <UnitName Value="sprawm"/>
        <EditorIndex Value="13"/>
        <WindowIndex Value="0"/>
        <TopLine Value="287"/>
        <CursorPos X="1" Y="313"/>
        <UsageCount Value="200"/>
        <Loaded Value="True"/>
        <LoadedDesigner Value="True"/>
      </Unit7>
      <Unit8>
        <Filename Value="merop.pas"/>
        <IsPartOfProject Value="True"/>
        <ComponentName Value="FrmMerop"/>
        <HasResources Value="True"/>
        <ResourceBaseClass Value="Form"/>
        <UnitName Value="Merop"/>
        <EditorIndex Value="8"/>
        <WindowIndex Value="0"/>
        <TopLine Value="1"/>
        <CursorPos X="39" Y="20"/>
        <UsageCount Value="202"/>
        <Loaded Value="True"/>
      </Unit8>
      <Unit9>
        <Filename Value="prop.pas"/>
        <IsPartOfProject Value="True"/>
        <ComponentName Value="FrmProp"/>
        <ResourceBaseClass Value="Form"/>
        <UnitName Value="Prop"/>
        <EditorIndex Value="7"/>
        <WindowIndex Value="0"/>
        <TopLine Value="1"/>
        <CursorPos X="71" Y="10"/>
        <UsageCount Value="200"/>
        <Loaded Value="True"/>
      </Unit9>
      <Unit10>
        <Filename Value="fpy.pas"/>
        <IsPartOfProject Value="True"/>
        <ComponentName Value="FrmPY"/>
        <ResourceBaseClass Value="Form"/>
        <UnitName Value="FPY"/>
        <EditorIndex Value="5"/>
        <WindowIndex Value="0"/>
        <TopLine Value="50"/>
        <CursorPos X="1" Y="58"/>
        <UsageCount Value="206"/>
        <Loaded Value="True"/>
      </Unit10>
      <Unit11>
        <Filename Value="fzap.pas"/>
        <IsPartOfProject Value="True"/>
        <ComponentName Value="Frmzap"/>
        <HasResources Value="True"/>
        <ResourceBaseClass Value="Form"/>
        <UnitName Value="fzap"/>
        <EditorIndex Value="3"/>
        <WindowIndex Value="0"/>
        <TopLine Value="89"/>
        <CursorPos X="51" Y="109"/>
        <UsageCount Value="207"/>
        <Loaded Value="True"/>
        <LoadedDesigner Value="True"/>
      </Unit11>
      <Unit12>
        <Filename Value="udatv.pas"/>
        <IsPartOfProject Value="True"/>
        <ComponentName Value="FDatv"/>
        <HasResources Value="True"/>
        <ResourceBaseClass Value="Form"/>
        <UnitName Value="Udatv"/>
        <EditorIndex Value="6"/>
        <WindowIndex Value="0"/>
        <TopLine Value="15"/>
        <CursorPos X="53" Y="24"/>
        <UsageCount Value="200"/>
        <Loaded Value="True"/>
      </Unit12>
      <Unit13>
        <Filename Value="uspraw.pas"/>
        <IsPartOfProject Value="True"/>
        <ComponentName Value="FrmSprav"/>
        <HasResources Value="True"/>
        <ResourceBaseClass Value="Form"/>
        <UnitName Value="uspraw"/>
        <EditorIndex Value="12"/>
        <WindowIndex Value="0"/>
        <TopLine Value="1"/>
        <CursorPos X="81" Y="7"/>
        <UsageCount Value="201"/>
        <Loaded Value="True"/>
      </Unit13>
    </Units>
  </ProjectOptions>
  <CompilerOptions>
    <Version Value="11"/>
    <PathDelim Value="\"/>
    <SearchPaths>
      <IncludeFiles Value="$(ProjOutDir)"/>
    </SearchPaths>
    <Parsing>
      <SyntaxOptions>
        <UseAnsiStrings Value="False"/>
      </SyntaxOptions>
    </Parsing>
    <Linking>
      <Debugging>
        <StripSymbols Value="True"/>
        <UseExternalDbgSyms Value="True"/>
      </Debugging>
      <LinkSmart Value="True"/>
      <Options>
        <Win32>
          <GraphicApplication Value="True"/>
        </Win32>
      </Options>
    </Linking>
    <Other>
      <CompilerPath Value="$(CompPath)"/>
    </Other>
  </CompilerOptions>
  <Debugging>
    <Watches Count="8">
      <Item1>
        <Expression Value="mrkod"/>
        <Enabled Value="False"/>
      </Item1>
      <Item2>
        <Expression Value="mst"/>
        <Enabled Value="False"/>
      </Item2>
      <Item3>
        <Expression Value="edit1.Text"/>
        <Enabled Value="False"/>
      </Item3>
      <Item4>
        <Expression Value="edit1"/>
        <Enabled Value="False"/>
      </Item4>
      <Item5>
        <Expression Value="Dzap.FieldByName('S_NAME').Text"/>
        <Enabled Value="False"/>
      </Item5>
      <Item6>
        <Expression Value="POISK.SQL.TEXT"/>
        <Enabled Value="False"/>
      </Item6>
      <Item7>
        <Expression Value="POISK"/>
        <Enabled Value="False"/>
      </Item7>
      <Item8>
        <Expression Value="sSQL"/>
      </Item8>
    </Watches>
    <Exceptions Count="5">
      <Item1>
        <Name Value="EAbort"/>
      </Item1>
      <Item2>
        <Name Value="ECodetoolError"/>
      </Item2>
      <Item3>
        <Name Value="EFOpenError"/>
      </Item3>
      <Item4>
        <Name Value="EProcess"/>
        <Enabled Value="False"/>
      </Item4>
      <Item5>
        <Name Value="EDatabaseError"/>
      </Item5>
    </Exceptions>
  </Debugging>
  <EditorMacros Count="0"/>
</CONFIG>
